
Microsoft Visual Studio Solution File, Format Version 12.00
# Visual Studio Version 17
VisualStudioVersion = 17.9.34701.34
MinimumVisualStudioVersion = 10.0.40219.1
Project("{FAE04EC0-301F-11D3-BF4B-00C04F79EFBC}") = "BikeRentalAPI", "BikeRentalAPI\BikeRentalAPI.csproj", "{DDEAE6BF-4537-412C-8CDE-F4507FA32D98}"
EndProject
Global
	GlobalSection(SolutionConfigurationPlatforms) = preSolution
		Debug|Any CPU = Debug|Any CPU
		Release|Any CPU = Release|Any CPU
	EndGlobalSection
	GlobalSection(ProjectConfigurationPlatforms) = postSolution
		{DDEAE6BF-4537-412C-8CDE-F4507FA32D98}.Debug|Any CPU.ActiveCfg = Debug|Any CPU
		{DDEAE6BF-4537-412C-8CDE-F4507FA32D98}.Debug|Any CPU.Build.0 = Debug|Any CPU
		{DDEAE6BF-4537-412C-8CDE-F4507FA32D98}.Release|Any CPU.ActiveCfg = Release|Any CPU
		{DDEAE6BF-4537-412C-8CDE-F4507FA32D98}.Release|Any CPU.Build.0 = Release|Any CPU
	EndGlobalSection
	GlobalSection(SolutionProperties) = preSolution
		HideSolutionNode = FALSE
	EndGlobalSection
	GlobalSection(ExtensibilityGlobals) = postSolution
		SolutionGuid = {213038FA-8294-4111-B887-5BCB66545FEC}
	EndGlobalSection
EndGlobal
